{
  "object": {
    "pins": [
      {
        "package": "FoundationExtensions",
        "repositoryURL": "https://github.com/teufelaudio/FoundationExtensions.git",
        "state": {
          "branch": null,
          "revision": "c441f8fa10ee6c93ce4d4d3939a8bd683987e48f",
          "version": "0.6.2"
        }
      },
      {
        "package": "Lottie",
        "repositoryURL": "https://github.com/airbnb/lottie-ios.git",
        "state": {
          "branch": null,
          "revision": "769b88d83a42ca8d5572b020c96f47e3690b3796",
          "version": "4.4.3"
        }
      },
      {
        "package": "swift-snapshot-testing",
        "repositoryURL": "https://github.com/pointfreeco/swift-snapshot-testing.git",
        "state": {
          "branch": null,
          "revision": "625ccca8570773dd84a34ee51a81aa2bc5a4f97a",
          "version": "1.16.0"
        }
      },
      {
        "package": "swift-syntax",
        "repositoryURL": "https://github.com/apple/swift-syntax",
        "state": {
          "branch": null,
          "revision": "fa8f95c2d536d6620cc2f504ebe8a6167c9fc2dd",
          "version": "510.0.1"
        }
      },
      {
        "package": "UIExtensions",
        "repositoryURL": "https://github.com/teufelaudio/UIExtensions.git",
        "state": {
          "branch": null,
          "revision": "2d16f0db9b3629b670dad9e32d5fe54fef885d05",
          "version": "1.2.2"
        }
      }
    ]
  },
  "version": 1
}
