{
  "object": {
    "pins": [
      {
        "package": "FoundationExtensions",
        "repositoryURL": "https://github.com/teufelaudio/FoundationExtensions.git",
        "state": {
          "branch": null,
          "revision": "def4b8d69600a909879cad4d851bc20b962440e7",
          "version": "0.1.19"
        }
      },
      {
        "package": "Lottie",
        "repositoryURL": "https://github.com/airbnb/lottie-ios.git",
        "state": {
          "branch": null,
          "revision": "79a0b70547f7c40ea54c67487f935fa2f2eaaadc",
          "version": "3.2.3"
        }
      },
      {
        "package": "UIExtensions",
        "repositoryURL": "https://github.com/teufelaudio/UIExtensions.git",
        "state": {
          "branch": null,
          "revision": "3b8e112b263c272901a1eb29eeb85d8822cf68aa",
          "version": "0.2.20"
        }
      }
    ]
  },
  "version": 1
}
